
Microsoft Visual Studio Solution File, Format Version 12.00
# Visual Studio Version 16
VisualStudioVersion = 16.0.30717.126
MinimumVisualStudioVersion = 10.0.40219.1
Project("{FAE04EC0-301F-11D3-BF4B-00C04F79EFBC}") = "BlarzorApp", "BlarzorApp\BlarzorApp.csproj", "{292C9B9C-73A8-4AA3-829F-FF4C5638BFEA}"
EndProject
Global
	GlobalSection(SolutionConfigurationPlatforms) = preSolution
		Debug|Any CPU = Debug|Any CPU
		Release|Any CPU = Release|Any CPU
	EndGlobalSection
	GlobalSection(ProjectConfigurationPlatforms) = postSolution
		{292C9B9C-73A8-4AA3-829F-FF4C5638BFEA}.Debug|Any CPU.ActiveCfg = Debug|Any CPU
		{292C9B9C-73A8-4AA3-829F-FF4C5638BFEA}.Debug|Any CPU.Build.0 = Debug|Any CPU
		{292C9B9C-73A8-4AA3-829F-FF4C5638BFEA}.Release|Any CPU.ActiveCfg = Release|Any CPU
		{292C9B9C-73A8-4AA3-829F-FF4C5638BFEA}.Release|Any CPU.Build.0 = Release|Any CPU
	EndGlobalSection
	GlobalSection(SolutionProperties) = preSolution
		HideSolutionNode = FALSE
	EndGlobalSection
	GlobalSection(ExtensibilityGlobals) = postSolution
		SolutionGuid = {05C7788A-93FE-4062-8656-0F1A07EB2D02}
	EndGlobalSection
EndGlobal
